
Microsoft Visual Studio Solution File, Format Version 12.00
# Visual Studio Version 17
VisualStudioVersion = 17.1.32104.313
MinimumVisualStudioVersion = 10.0.40219.1
Project("{FAE04EC0-301F-11D3-BF4B-00C04F79EFBC}") = "ShowEnemyRoles", "ShowEnemyRoles.csproj", "{8145335F-E5CF-4478-9F6F-5F8F48D1A060}"
EndProject
Global
	GlobalSection(SolutionConfigurationPlatforms) = preSolution
		Debug|Any CPU = Debug|Any CPU
		Release|Any CPU = Release|Any CPU
	EndGlobalSection
	GlobalSection(ProjectConfigurationPlatforms) = postSolution
		{8145335F-E5CF-4478-9F6F-5F8F48D1A060}.Debug|Any CPU.ActiveCfg = Debug|Any CPU
		{8145335F-E5CF-4478-9F6F-5F8F48D1A060}.Debug|Any CPU.Build.0 = Debug|Any CPU
		{8145335F-E5CF-4478-9F6F-5F8F48D1A060}.Release|Any CPU.ActiveCfg = Release|Any CPU
		{8145335F-E5CF-4478-9F6F-5F8F48D1A060}.Release|Any CPU.Build.0 = Release|Any CPU
	EndGlobalSection
	GlobalSection(SolutionProperties) = preSolution
		HideSolutionNode = FALSE
	EndGlobalSection
	GlobalSection(ExtensibilityGlobals) = postSolution
		SolutionGuid = {35D1C93D-112E-4966-B401-DECECE0D13C0}
	EndGlobalSection
EndGlobal
