
Microsoft Visual Studio Solution File, Format Version 12.00
# Visual Studio Version 16
VisualStudioVersion = 16.0.31025.218
MinimumVisualStudioVersion = 10.0.40219.1
Project("{FAE04EC0-301F-11D3-BF4B-00C04F79EFBC}") = "TinkerCrappahilationPaid", "TinkerCrappahilationPaid.csproj", "{564EC100-7907-42CD-A58A-8EECB363F6C2}"
EndProject
Global
	GlobalSection(SolutionConfigurationPlatforms) = preSolution
		Debug|Any CPU = Debug|Any CPU
		Release|Any CPU = Release|Any CPU
	EndGlobalSection
	GlobalSection(ProjectConfigurationPlatforms) = postSolution
		{564EC100-7907-42CD-A58A-8EECB363F6C2}.Debug|Any CPU.ActiveCfg = Debug|Any CPU
		{564EC100-7907-42CD-A58A-8EECB363F6C2}.Debug|Any CPU.Build.0 = Debug|Any CPU
		{564EC100-7907-42CD-A58A-8EECB363F6C2}.Release|Any CPU.ActiveCfg = Release|Any CPU
		{564EC100-7907-42CD-A58A-8EECB363F6C2}.Release|Any CPU.Build.0 = Release|Any CPU
	EndGlobalSection
	GlobalSection(SolutionProperties) = preSolution
		HideSolutionNode = FALSE
	EndGlobalSection
	GlobalSection(ExtensibilityGlobals) = postSolution
		SolutionGuid = {08B37423-597D-4FA5-9838-0A8DF42A840B}
	EndGlobalSection
EndGlobal
