
Microsoft Visual Studio Solution File, Format Version 12.00
# Visual Studio Version 16
VisualStudioVersion = 16.0.31410.223
MinimumVisualStudioVersion = 10.0.40219.1
Project("{9A19103F-16F7-4668-BE54-9A1E7A4F7556}") = "BadGuyByHappyAngel", "BadGuyByHappyAngel.csproj", "{1278F205-192A-4855-ACDC-C680F7AD2637}"
EndProject
Global
	GlobalSection(SolutionConfigurationPlatforms) = preSolution
		Release|x64 = Release|x64
	EndGlobalSection
	GlobalSection(ProjectConfigurationPlatforms) = postSolution
		{1278F205-192A-4855-ACDC-C680F7AD2637}.Release|x64.ActiveCfg = Release|x64
		{1278F205-192A-4855-ACDC-C680F7AD2637}.Release|x64.Build.0 = Release|x64
	EndGlobalSection
	GlobalSection(SolutionProperties) = preSolution
		HideSolutionNode = FALSE
	EndGlobalSection
	GlobalSection(ExtensibilityGlobals) = postSolution
		SolutionGuid = {18077175-2121-4431-BC95-DC5B1D996758}
	EndGlobalSection
EndGlobal
