
Microsoft Visual Studio Solution File, Format Version 12.00
# Visual Studio Version 17
VisualStudioVersion = 17.0.31612.314
MinimumVisualStudioVersion = 10.0.40219.1
Project("{FAE04EC0-301F-11D3-BF4B-00C04F79EFBC}") = "CodeStyle", "CodeStyle.csproj", "{D3091B38-F89C-4B1C-A660-AAF29A1FC0F9}"
EndProject
Global
	GlobalSection(SolutionConfigurationPlatforms) = preSolution
		Debug|Any CPU = Debug|Any CPU
		Release|Any CPU = Release|Any CPU
	EndGlobalSection
	GlobalSection(ProjectConfigurationPlatforms) = postSolution
		{D3091B38-F89C-4B1C-A660-AAF29A1FC0F9}.Debug|Any CPU.ActiveCfg = Debug|Any CPU
		{D3091B38-F89C-4B1C-A660-AAF29A1FC0F9}.Debug|Any CPU.Build.0 = Debug|Any CPU
		{D3091B38-F89C-4B1C-A660-AAF29A1FC0F9}.Release|Any CPU.ActiveCfg = Release|Any CPU
		{D3091B38-F89C-4B1C-A660-AAF29A1FC0F9}.Release|Any CPU.Build.0 = Release|Any CPU
	EndGlobalSection
	GlobalSection(SolutionProperties) = preSolution
		HideSolutionNode = FALSE
	EndGlobalSection
	GlobalSection(ExtensibilityGlobals) = postSolution
		SolutionGuid = {6F87A7F6-3F36-4754-B53E-217189DC6AAD}
	EndGlobalSection
EndGlobal
