
Microsoft Visual Studio Solution File, Format Version 12.00
Project("{FAE04EC0-301F-11D3-BF4B-00C04F79EFBC}") = "InvokerAnnihilation", "InvokerAnnihilation\InvokerAnnihilation.csproj", "{FE8E81BA-F28A-4031-9065-55B5EBBA1112}"
EndProject
Global
	GlobalSection(SolutionConfigurationPlatforms) = preSolution
		Debug|Any CPU = Debug|Any CPU
		Release|Any CPU = Release|Any CPU
	EndGlobalSection
	GlobalSection(ProjectConfigurationPlatforms) = postSolution
		{FE8E81BA-F28A-4031-9065-55B5EBBA1112}.Debug|Any CPU.ActiveCfg = Debug|Any CPU
		{FE8E81BA-F28A-4031-9065-55B5EBBA1112}.Debug|Any CPU.Build.0 = Debug|Any CPU
		{FE8E81BA-F28A-4031-9065-55B5EBBA1112}.Release|Any CPU.ActiveCfg = Release|Any CPU
		{FE8E81BA-F28A-4031-9065-55B5EBBA1112}.Release|Any CPU.Build.0 = Release|Any CPU
	EndGlobalSection
EndGlobal
