
Microsoft Visual Studio Solution File, Format Version 12.00
# Visual Studio Version 16
VisualStudioVersion = 16.0.30128.74
MinimumVisualStudioVersion = 10.0.40219.1
Project("{9A19103F-16F7-4668-BE54-9A1E7A4F7556}") = "O9K.Core", "O9K.Core\O9K.Core.csproj", "{9789A144-CBD0-4DD5-8F78-2870BA4CA6D5}"
EndProject
Project("{9A19103F-16F7-4668-BE54-9A1E7A4F7556}") = "O9K.AutoUsage", "O9K.AutoUsage\O9K.AutoUsage.csproj", "{4754BB01-EE26-4D62-8FA3-E24186D69E46}"
	ProjectSection(ProjectDependencies) = postProject
		{9789A144-CBD0-4DD5-8F78-2870BA4CA6D5} = {9789A144-CBD0-4DD5-8F78-2870BA4CA6D5}
	EndProjectSection
EndProject
Project("{9A19103F-16F7-4668-BE54-9A1E7A4F7556}") = "O9K.Evader", "O9K.Evader\O9K.Evader.csproj", "{6EB8BF5E-91E1-4091-B885-B80529750AC5}"
	ProjectSection(ProjectDependencies) = postProject
		{9789A144-CBD0-4DD5-8F78-2870BA4CA6D5} = {9789A144-CBD0-4DD5-8F78-2870BA4CA6D5}
	EndProjectSection
EndProject
Project("{9A19103F-16F7-4668-BE54-9A1E7A4F7556}") = "O9K.AIO", "O9K.AIO\O9K.AIO.csproj", "{79F86381-1C5C-450A-888C-749049D46AED}"
	ProjectSection(ProjectDependencies) = postProject
		{9789A144-CBD0-4DD5-8F78-2870BA4CA6D5} = {9789A144-CBD0-4DD5-8F78-2870BA4CA6D5}
	EndProjectSection
EndProject
Project("{9A19103F-16F7-4668-BE54-9A1E7A4F7556}") = "O9K.Hud", "O9K.Hud\O9K.Hud.csproj", "{D48B94DF-72D8-4BFB-91A7-36FB7DE10FCC}"
	ProjectSection(ProjectDependencies) = postProject
		{9789A144-CBD0-4DD5-8F78-2870BA4CA6D5} = {9789A144-CBD0-4DD5-8F78-2870BA4CA6D5}
	EndProjectSection
EndProject
Project("{9A19103F-16F7-4668-BE54-9A1E7A4F7556}") = "O9K.ItemManager", "O9K.ItemManager\O9K.ItemManager.csproj", "{A2BC34E1-F2A7-41DC-B557-3F272B45AAD7}"
	ProjectSection(ProjectDependencies) = postProject
		{9789A144-CBD0-4DD5-8F78-2870BA4CA6D5} = {9789A144-CBD0-4DD5-8F78-2870BA4CA6D5}
	EndProjectSection
EndProject
Project("{9A19103F-16F7-4668-BE54-9A1E7A4F7556}") = "O9K.Farm", "O9K.Farm\O9K.Farm.csproj", "{812AACD3-800E-41E9-A2E0-9D906E7AA166}"
	ProjectSection(ProjectDependencies) = postProject
		{9789A144-CBD0-4DD5-8F78-2870BA4CA6D5} = {9789A144-CBD0-4DD5-8F78-2870BA4CA6D5}
	EndProjectSection
EndProject
Global
	GlobalSection(SolutionConfigurationPlatforms) = preSolution
		Debug|x64 = Debug|x64
		Release|x64 = Release|x64
	EndGlobalSection
	GlobalSection(ProjectConfigurationPlatforms) = postSolution
		{9789A144-CBD0-4DD5-8F78-2870BA4CA6D5}.Debug|x64.ActiveCfg = Debug|x64
		{9789A144-CBD0-4DD5-8F78-2870BA4CA6D5}.Debug|x64.Build.0 = Debug|x64
		{9789A144-CBD0-4DD5-8F78-2870BA4CA6D5}.Release|x64.ActiveCfg = Release|x64
		{9789A144-CBD0-4DD5-8F78-2870BA4CA6D5}.Release|x64.Build.0 = Release|x64
		{4754BB01-EE26-4D62-8FA3-E24186D69E46}.Debug|x64.ActiveCfg = Debug|x64
		{4754BB01-EE26-4D62-8FA3-E24186D69E46}.Debug|x64.Build.0 = Debug|x64
		{4754BB01-EE26-4D62-8FA3-E24186D69E46}.Release|x64.ActiveCfg = Release|x64
		{6EB8BF5E-91E1-4091-B885-B80529750AC5}.Debug|x64.ActiveCfg = Debug|x64
		{6EB8BF5E-91E1-4091-B885-B80529750AC5}.Debug|x64.Build.0 = Debug|x64
		{6EB8BF5E-91E1-4091-B885-B80529750AC5}.Release|x64.ActiveCfg = Release|x64
		{79F86381-1C5C-450A-888C-749049D46AED}.Debug|x64.ActiveCfg = Debug|x64
		{79F86381-1C5C-450A-888C-749049D46AED}.Debug|x64.Build.0 = Debug|x64
		{79F86381-1C5C-450A-888C-749049D46AED}.Release|x64.ActiveCfg = Release|x64
		{D48B94DF-72D8-4BFB-91A7-36FB7DE10FCC}.Debug|x64.ActiveCfg = Debug|x64
		{D48B94DF-72D8-4BFB-91A7-36FB7DE10FCC}.Debug|x64.Build.0 = Debug|x64
		{D48B94DF-72D8-4BFB-91A7-36FB7DE10FCC}.Release|x64.ActiveCfg = Release|x64
		{A2BC34E1-F2A7-41DC-B557-3F272B45AAD7}.Debug|x64.ActiveCfg = Debug|x64
		{A2BC34E1-F2A7-41DC-B557-3F272B45AAD7}.Debug|x64.Build.0 = Debug|x64
		{A2BC34E1-F2A7-41DC-B557-3F272B45AAD7}.Release|x64.ActiveCfg = Release|x64
		{812AACD3-800E-41E9-A2E0-9D906E7AA166}.Debug|x64.ActiveCfg = Debug|x64
		{812AACD3-800E-41E9-A2E0-9D906E7AA166}.Debug|x64.Build.0 = Debug|x64
		{812AACD3-800E-41E9-A2E0-9D906E7AA166}.Release|x64.ActiveCfg = Release|x64
	EndGlobalSection
	GlobalSection(SolutionProperties) = preSolution
		HideSolutionNode = FALSE
	EndGlobalSection
	GlobalSection(ExtensibilityGlobals) = postSolution
		SolutionGuid = {4C840295-0E72-4A83-82D7-8AEA043CCD06}
	EndGlobalSection
EndGlobal
