
Microsoft Visual Studio Solution File, Format Version 12.00
# Visual Studio Version 16
VisualStudioVersion = 16.0.30914.41
MinimumVisualStudioVersion = 10.0.40219.1
Project("{FAE04EC0-301F-11D3-BF4B-00C04F79EFBC}") = "Debugger", "Debugger.csproj", "{5043045D-9873-4BDE-8178-AF5CA534E208}"
EndProject
Global
	GlobalSection(SolutionConfigurationPlatforms) = preSolution
		Debug|Any CPU = Debug|Any CPU
		Release|Any CPU = Release|Any CPU
	EndGlobalSection
	GlobalSection(ProjectConfigurationPlatforms) = postSolution
		{5043045D-9873-4BDE-8178-AF5CA534E208}.Debug|Any CPU.ActiveCfg = Debug|Any CPU
		{5043045D-9873-4BDE-8178-AF5CA534E208}.Debug|Any CPU.Build.0 = Debug|Any CPU
		{5043045D-9873-4BDE-8178-AF5CA534E208}.Release|Any CPU.ActiveCfg = Release|Any CPU
		{5043045D-9873-4BDE-8178-AF5CA534E208}.Release|Any CPU.Build.0 = Release|Any CPU
	EndGlobalSection
	GlobalSection(SolutionProperties) = preSolution
		HideSolutionNode = FALSE
	EndGlobalSection
	GlobalSection(ExtensibilityGlobals) = postSolution
		SolutionGuid = {28A1DC10-6EA0-4C1F-81FF-483007D39E71}
	EndGlobalSection
EndGlobal
